Microsoft Visual Studio Solution File, Format Version 12.00
# Visual Studio Version 17
VisualStudioVersion = 17.5.2.0
MinimumVisualStudioVersion = 10.0.40219.1
Project("{FAE04EC0-301F-11D3-BF4B-00C04F79EFBC}") = "AuthenticationTester", "AuthenticationTester.csproj", "{665AE4FB-F067-B7AE-EC27-43E68A65D768}"
EndProject
Global
	GlobalSection(SolutionConfigurationPlatforms) = preSolution
		Debug|Any CPU = Debug|Any CPU
		Release|Any CPU = Release|Any CPU
	EndGlobalSection
	GlobalSection(ProjectConfigurationPlatforms) = postSolution
		{665AE4FB-F067-B7AE-EC27-43E68A65D768}.Debug|Any CPU.ActiveCfg = Debug|Any CPU
		{665AE4FB-F067-B7AE-EC27-43E68A65D768}.Debug|Any CPU.Build.0 = Debug|Any CPU
		{665AE4FB-F067-B7AE-EC27-43E68A65D768}.Release|Any CPU.ActiveCfg = Release|Any CPU
		{665AE4FB-F067-B7AE-EC27-43E68A65D768}.Release|Any CPU.Build.0 = Release|Any CPU
	EndGlobalSection
	GlobalSection(SolutionProperties) = preSolution
		HideSolutionNode = FALSE
	EndGlobalSection
	GlobalSection(ExtensibilityGlobals) = postSolution
		SolutionGuid = {E52326A9-BF28-42FF-BAE4-376FEFE722B0}
	EndGlobalSection
EndGlobal
