
Microsoft Visual Studio Solution File, Format Version 12.00
# Visual Studio Version 17
VisualStudioVersion = 17.9.34622.214
MinimumVisualStudioVersion = 10.0.40219.1
Project("{9A19103F-16F7-4668-BE54-9A1E7A4F7556}") = "WeatherForecast", "WeatherForecast.csproj", "{1D32FF26-B9C1-4191-B5FD-E221A5828540}"
EndProject
Project("{9A19103F-16F7-4668-BE54-9A1E7A4F7556}") = "WeatherForecast.Domain", "..\WeatherForecast.Domain\WeatherForecast.Domain.csproj", "{091B3418-F8EB-4810-AA03-268EE8E330AD}"
EndProject
Project("{9A19103F-16F7-4668-BE54-9A1E7A4F7556}") = "WeatherForecast.WebApi.UnitTests", "..\WeatherForecast.WebApi.UnitTests\WeatherForecast.WebApi.UnitTests.csproj", "{32C8E940-A81E-406A-9291-E7F60139C85E}"
EndProject
Project("{9A19103F-16F7-4668-BE54-9A1E7A4F7556}") = "WeatherForecast.Domain.UnitTests", "..\WeatherForecast.Domain.UnitTests\WeatherForecast.Domain.UnitTests.csproj", "{C6218D2A-9BA2-4865-926A-CD99B516F41A}"
EndProject
Project("{FAE04EC0-301F-11D3-BF4B-00C04F79EFBC}") = "AuthenticationTester", "..\AuthenticationTester\AuthenticationTester.csproj", "{B1C85CFD-5541-4E85-81B4-DED7B1027295}"
EndProject
Global
	GlobalSection(SolutionConfigurationPlatforms) = preSolution
		Debug|Any CPU = Debug|Any CPU
		Debug|x64 = Debug|x64
		Debug|x86 = Debug|x86
		Release|Any CPU = Release|Any CPU
		Release|x64 = Release|x64
		Release|x86 = Release|x86
	EndGlobalSection
	GlobalSection(ProjectConfigurationPlatforms) = postSolution
		{1D32FF26-B9C1-4191-B5FD-E221A5828540}.Debug|Any CPU.ActiveCfg = Debug|Any CPU
		{1D32FF26-B9C1-4191-B5FD-E221A5828540}.Debug|Any CPU.Build.0 = Debug|Any CPU
		{1D32FF26-B9C1-4191-B5FD-E221A5828540}.Debug|x64.ActiveCfg = Debug|Any CPU
		{1D32FF26-B9C1-4191-B5FD-E221A5828540}.Debug|x64.Build.0 = Debug|Any CPU
		{1D32FF26-B9C1-4191-B5FD-E221A5828540}.Debug|x86.ActiveCfg = Debug|Any CPU
		{1D32FF26-B9C1-4191-B5FD-E221A5828540}.Debug|x86.Build.0 = Debug|Any CPU
		{1D32FF26-B9C1-4191-B5FD-E221A5828540}.Release|Any CPU.ActiveCfg = Release|Any CPU
		{1D32FF26-B9C1-4191-B5FD-E221A5828540}.Release|Any CPU.Build.0 = Release|Any CPU
		{1D32FF26-B9C1-4191-B5FD-E221A5828540}.Release|x64.ActiveCfg = Release|Any CPU
		{1D32FF26-B9C1-4191-B5FD-E221A5828540}.Release|x64.Build.0 = Release|Any CPU
		{1D32FF26-B9C1-4191-B5FD-E221A5828540}.Release|x86.ActiveCfg = Release|Any CPU
		{1D32FF26-B9C1-4191-B5FD-E221A5828540}.Release|x86.Build.0 = Release|Any CPU
		{091B3418-F8EB-4810-AA03-268EE8E330AD}.Debug|Any CPU.ActiveCfg = Debug|Any CPU
		{091B3418-F8EB-4810-AA03-268EE8E330AD}.Debug|Any CPU.Build.0 = Debug|Any CPU
		{091B3418-F8EB-4810-AA03-268EE8E330AD}.Debug|x64.ActiveCfg = Debug|Any CPU
		{091B3418-F8EB-4810-AA03-268EE8E330AD}.Debug|x64.Build.0 = Debug|Any CPU
		{091B3418-F8EB-4810-AA03-268EE8E330AD}.Debug|x86.ActiveCfg = Debug|Any CPU
		{091B3418-F8EB-4810-AA03-268EE8E330AD}.Debug|x86.Build.0 = Debug|Any CPU
		{091B3418-F8EB-4810-AA03-268EE8E330AD}.Release|Any CPU.ActiveCfg = Release|Any CPU
		{091B3418-F8EB-4810-AA03-268EE8E330AD}.Release|Any CPU.Build.0 = Release|Any CPU
		{091B3418-F8EB-4810-AA03-268EE8E330AD}.Release|x64.ActiveCfg = Release|Any CPU
		{091B3418-F8EB-4810-AA03-268EE8E330AD}.Release|x64.Build.0 = Release|Any CPU
		{091B3418-F8EB-4810-AA03-268EE8E330AD}.Release|x86.ActiveCfg = Release|Any CPU
		{091B3418-F8EB-4810-AA03-268EE8E330AD}.Release|x86.Build.0 = Release|Any CPU
		{32C8E940-A81E-406A-9291-E7F60139C85E}.Debug|Any CPU.ActiveCfg = Debug|Any CPU
		{32C8E940-A81E-406A-9291-E7F60139C85E}.Debug|Any CPU.Build.0 = Debug|Any CPU
		{32C8E940-A81E-406A-9291-E7F60139C85E}.Debug|x64.ActiveCfg = Debug|Any CPU
		{32C8E940-A81E-406A-9291-E7F60139C85E}.Debug|x64.Build.0 = Debug|Any CPU
		{32C8E940-A81E-406A-9291-E7F60139C85E}.Debug|x86.ActiveCfg = Debug|Any CPU
		{32C8E940-A81E-406A-9291-E7F60139C85E}.Debug|x86.Build.0 = Debug|Any CPU
		{32C8E940-A81E-406A-9291-E7F60139C85E}.Release|Any CPU.ActiveCfg = Release|Any CPU
		{32C8E940-A81E-406A-9291-E7F60139C85E}.Release|Any CPU.Build.0 = Release|Any CPU
		{32C8E940-A81E-406A-9291-E7F60139C85E}.Release|x64.ActiveCfg = Release|Any CPU
		{32C8E940-A81E-406A-9291-E7F60139C85E}.Release|x64.Build.0 = Release|Any CPU
		{32C8E940-A81E-406A-9291-E7F60139C85E}.Release|x86.ActiveCfg = Release|Any CPU
		{32C8E940-A81E-406A-9291-E7F60139C85E}.Release|x86.Build.0 = Release|Any CPU
		{C6218D2A-9BA2-4865-926A-CD99B516F41A}.Debug|Any CPU.ActiveCfg = Debug|Any CPU
		{C6218D2A-9BA2-4865-926A-CD99B516F41A}.Debug|Any CPU.Build.0 = Debug|Any CPU
		{C6218D2A-9BA2-4865-926A-CD99B516F41A}.Debug|x64.ActiveCfg = Debug|Any CPU
		{C6218D2A-9BA2-4865-926A-CD99B516F41A}.Debug|x64.Build.0 = Debug|Any CPU
		{C6218D2A-9BA2-4865-926A-CD99B516F41A}.Debug|x86.ActiveCfg = Debug|Any CPU
		{C6218D2A-9BA2-4865-926A-CD99B516F41A}.Debug|x86.Build.0 = Debug|Any CPU
		{C6218D2A-9BA2-4865-926A-CD99B516F41A}.Release|Any CPU.ActiveCfg = Release|Any CPU
		{C6218D2A-9BA2-4865-926A-CD99B516F41A}.Release|Any CPU.Build.0 = Release|Any CPU
		{C6218D2A-9BA2-4865-926A-CD99B516F41A}.Release|x64.ActiveCfg = Release|Any CPU
		{C6218D2A-9BA2-4865-926A-CD99B516F41A}.Release|x64.Build.0 = Release|Any CPU
		{C6218D2A-9BA2-4865-926A-CD99B516F41A}.Release|x86.ActiveCfg = Release|Any CPU
		{C6218D2A-9BA2-4865-926A-CD99B516F41A}.Release|x86.Build.0 = Release|Any CPU
		{B1C85CFD-5541-4E85-81B4-DED7B1027295}.Debug|Any CPU.ActiveCfg = Debug|Any CPU
		{B1C85CFD-5541-4E85-81B4-DED7B1027295}.Debug|Any CPU.Build.0 = Debug|Any CPU
		{B1C85CFD-5541-4E85-81B4-DED7B1027295}.Debug|x64.ActiveCfg = Debug|Any CPU
		{B1C85CFD-5541-4E85-81B4-DED7B1027295}.Debug|x64.Build.0 = Debug|Any CPU
		{B1C85CFD-5541-4E85-81B4-DED7B1027295}.Debug|x86.ActiveCfg = Debug|Any CPU
		{B1C85CFD-5541-4E85-81B4-DED7B1027295}.Debug|x86.Build.0 = Debug|Any CPU
		{B1C85CFD-5541-4E85-81B4-DED7B1027295}.Release|Any CPU.ActiveCfg = Release|Any CPU
		{B1C85CFD-5541-4E85-81B4-DED7B1027295}.Release|Any CPU.Build.0 = Release|Any CPU
		{B1C85CFD-5541-4E85-81B4-DED7B1027295}.Release|x64.ActiveCfg = Release|Any CPU
		{B1C85CFD-5541-4E85-81B4-DED7B1027295}.Release|x64.Build.0 = Release|Any CPU
		{B1C85CFD-5541-4E85-81B4-DED7B1027295}.Release|x86.ActiveCfg = Release|Any CPU
		{B1C85CFD-5541-4E85-81B4-DED7B1027295}.Release|x86.Build.0 = Release|Any CPU
		{0CD3AC73-29F4-4CED-9CA6-669B572C2BDE}.Debug|Any CPU.ActiveCfg = Debug|Any CPU
		{0CD3AC73-29F4-4CED-9CA6-669B572C2BDE}.Debug|Any CPU.Build.0 = Debug|Any CPU
		{0CD3AC73-29F4-4CED-9CA6-669B572C2BDE}.Debug|x64.ActiveCfg = Debug|Any CPU
		{0CD3AC73-29F4-4CED-9CA6-669B572C2BDE}.Debug|x64.Build.0 = Debug|Any CPU
		{0CD3AC73-29F4-4CED-9CA6-669B572C2BDE}.Debug|x86.ActiveCfg = Debug|Any CPU
		{0CD3AC73-29F4-4CED-9CA6-669B572C2BDE}.Debug|x86.Build.0 = Debug|Any CPU
		{0CD3AC73-29F4-4CED-9CA6-669B572C2BDE}.Release|Any CPU.ActiveCfg = Release|Any CPU
		{0CD3AC73-29F4-4CED-9CA6-669B572C2BDE}.Release|Any CPU.Build.0 = Release|Any CPU
		{0CD3AC73-29F4-4CED-9CA6-669B572C2BDE}.Release|x64.ActiveCfg = Release|Any CPU
		{0CD3AC73-29F4-4CED-9CA6-669B572C2BDE}.Release|x64.Build.0 = Release|Any CPU
		{0CD3AC73-29F4-4CED-9CA6-669B572C2BDE}.Release|x86.ActiveCfg = Release|Any CPU
		{0CD3AC73-29F4-4CED-9CA6-669B572C2BDE}.Release|x86.Build.0 = Release|Any CPU
	EndGlobalSection
	GlobalSection(SolutionProperties) = preSolution
		HideSolutionNode = FALSE
	EndGlobalSection
	GlobalSection(ExtensibilityGlobals) = postSolution
		SolutionGuid = {3E62C751-0178-49EB-B3D1-55A9FADFE89B}
	EndGlobalSection
EndGlobal
